
Microsoft Visual Studio Solution File, Format Version 12.00
# Visual Studio Version 17
VisualStudioVersion = 17.3.32819.101
MinimumVisualStudioVersion = 10.0.40219.1
Project("{FAE04EC0-301F-11D3-BF4B-00C04F79EFBC}") = "desafio1_ordenacao", "desafio1_ordenacao.csproj", "{5C142021-4711-4C54-8E0C-812DE16845F6}"
EndProject
Global
	GlobalSection(SolutionConfigurationPlatforms) = preSolution
		Debug|Any CPU = Debug|Any CPU
		Release|Any CPU = Release|Any CPU
	EndGlobalSection
	GlobalSection(ProjectConfigurationPlatforms) = postSolution
		{5C142021-4711-4C54-8E0C-812DE16845F6}.Debug|Any CPU.ActiveCfg = Debug|Any CPU
		{5C142021-4711-4C54-8E0C-812DE16845F6}.Debug|Any CPU.Build.0 = Debug|Any CPU
		{5C142021-4711-4C54-8E0C-812DE16845F6}.Release|Any CPU.ActiveCfg = Release|Any CPU
		{5C142021-4711-4C54-8E0C-812DE16845F6}.Release|Any CPU.Build.0 = Release|Any CPU
	EndGlobalSection
	GlobalSection(SolutionProperties) = preSolution
		HideSolutionNode = FALSE
	EndGlobalSection
	GlobalSection(ExtensibilityGlobals) = postSolution
		SolutionGuid = {2E8BD2CD-F02E-4997-96DA-0D5835B76AC5}
	EndGlobalSection
EndGlobal
